// !$*UTF8*$!
{
	archiveVersion = 1;
	classes = {
	};
	objectVersion = 77;
	objects = {

/* Begin PBXContainerItemProxy section */
		E86DAA002CDE374900F2574D /* PBXContainerItemProxy */ = {
			isa = PBXContainerItemProxy;
			containerPortal = E86DA9E72CDE374800F2574D /* Project object */;
			proxyType = 1;
			remoteGlobalIDString = E86DA9EE2CDE374800F2574D;
			remoteInfo = ParliamentStrikesAgain;
		};
		E86DAA0A2CDE374900F2574D /* PBXContainerItemProxy */ = {
			isa = PBXContainerItemProxy;
			containerPortal = E86DA9E72CDE374800F2574D /* Project object */;
			proxyType = 1;
			remoteGlobalIDString = E86DA9EE2CDE374800F2574D;
			remoteInfo = ParliamentStrikesAgain;
		};
/* End PBXContainerItemProxy section */

/* Begin PBXFileReference section */
		E86DA9EF2CDE374800F2574D /* ParliamentStrikesAgain.app */ = {isa = PBXFileReference; explicitFileType = wrapper.application; includeInIndex = 0; path = ParliamentStrikesAgain.app; sourceTree = BUILT_PRODUCTS_DIR; };
		E86DA9FF2CDE374900F2574D /* ParliamentStrikesAgainTests.xctest */ = {isa = PBXFileReference; explicitFileType = wrapper.cfbundle; includeInIndex = 0; path = ParliamentStrikesAgainTests.xctest; sourceTree = BUILT_PRODUCTS_DIR; };
		E86DAA092CDE374900F2574D /* ParliamentStrikesAgainUITests.xctest */ = {isa = PBXFileReference; explicitFileType = wrapper.cfbundle; includeInIndex = 0; path = ParliamentStrikesAgainUITests.xctest; sourceTree = BUILT_PRODUCTS_DIR; };
/* End PBXFileReference section */

/* Begin PBXFileSystemSynchronizedRootGroup section */
		E86DA9F12CDE374800F2574D /* ParliamentStrikesAgain */ = {
			isa = PBXFileSystemSynchronizedRootGroup;
			path = ParliamentStrikesAgain;
			sourceTree = "<group>";
		};
		E86DAA022CDE374900F2574D /* ParliamentStrikesAgainTests */ = {
			isa = PBXFileSystemSynchronizedRootGroup;
			path = ParliamentStrikesAgainTests;
			sourceTree = "<group>";
		};
		E86DAA0C2CDE374900F2574D /* ParliamentStrikesAgainUITests */ = {
			isa = PBXFileSystemSynchronizedRootGroup;
			path = ParliamentStrikesAgainUITests;
			sourceTree = "<group>";
		};
/* End PBXFileSystemSynchronizedRootGroup section */

/* Begin PBXFrameworksBuildPhase section */
		E86DA9EC2CDE374800F2574D /* Frameworks */ = {
			isa = PBXFrameworksBuildPhase;
			buildActionMask = 2147483647;
			files = (
			);
			runOnlyForDeploymentPostprocessing = 0;
		};
		E86DA9FC2CDE374900F2574D /* Frameworks */ = {
			isa = PBXFrameworksBuildPhase;
			buildActionMask = 2147483647;
			files = (
			);
			runOnlyForDeploymentPostprocessing = 0;
		};
		E86DAA062CDE374900F2574D /* Frameworks */ = {
			isa = PBXFrameworksBuildPhase;
			buildActionMask = 2147483647;
			files = (
			);
			runOnlyForDeploymentPostprocessing = 0;
		};
/* End PBXFrameworksBuildPhase section */

/* Begin PBXGroup section */
		E86DA9E62CDE374800F2574D = {
			isa = PBXGroup;
			children = (
				E86DA9F12CDE374800F2574D /* ParliamentStrikesAgain */,
				E86DAA022CDE374900F2574D /* ParliamentStrikesAgainTests */,
				E86DAA0C2CDE374900F2574D /* ParliamentStrikesAgainUITests */,
				E86DA9F02CDE374800F2574D /* Products */,
			);
			sourceTree = "<group>";
		};
		E86DA9F02CDE374800F2574D /* Products */ = {
			isa = PBXGroup;
			children = (
				E86DA9EF2CDE374800F2574D /* ParliamentStrikesAgain.app */,
				E86DA9FF2CDE374900F2574D /* ParliamentStrikesAgainTests.xctest */,
				E86DAA092CDE374900F2574D /* ParliamentStrikesAgainUITests.xctest */,
			);
			name = Products;
			sourceTree = "<group>";
		};
/* End PBXGroup section */

/* Begin PBXNativeTarget section */
		E86DA9EE2CDE374800F2574D /* ParliamentStrikesAgain */ = {
			isa = PBXNativeTarget;
			buildConfigurationList = E86DAA132CDE374900F2574D /* Build configuration list for PBXNativeTarget "ParliamentStrikesAgain" */;
			buildPhases = (
				E86DA9EB2CDE374800F2574D /* Sources */,
				E86DA9EC2CDE374800F2574D /* Frameworks */,
				E86DA9ED2CDE374800F2574D /* Resources */,
			);
			buildRules = (
			);
			dependencies = (
			);
			fileSystemSynchronizedGroups = (
				E86DA9F12CDE374800F2574D /* ParliamentStrikesAgain */,
			);
			name = ParliamentStrikesAgain;
			packageProductDependencies = (
			);
			productName = ParliamentStrikesAgain;
			productReference = E86DA9EF2CDE374800F2574D /* ParliamentStrikesAgain.app */;
			productType = "com.apple.product-type.application";
		};
		E86DA9FE2CDE374900F2574D /* ParliamentStrikesAgainTests */ = {
			isa = PBXNativeTarget;
			buildConfigurationList = E86DAA162CDE374900F2574D /* Build configuration list for PBXNativeTarget "ParliamentStrikesAgainTests" */;
			buildPhases = (
				E86DA9FB2CDE374900F2574D /* Sources */,
				E86DA9FC2CDE374900F2574D /* Frameworks */,
				E86DA9FD2CDE374900F2574D /* Resources */,
			);
			buildRules = (
			);
			dependencies = (
				E86DAA012CDE374900F2574D /* PBXTargetDependency */,
			);
			fileSystemSynchronizedGroups = (
				E86DAA022CDE374900F2574D /* ParliamentStrikesAgainTests */,
			);
			name = ParliamentStrikesAgainTests;
			packageProductDependencies = (
			);
			productName = ParliamentStrikesAgainTests;
			productReference = E86DA9FF2CDE374900F2574D /* ParliamentStrikesAgainTests.xctest */;
			productType = "com.apple.product-type.bundle.unit-test";
		};
		E86DAA082CDE374900F2574D /* ParliamentStrikesAgainUITests */ = {
			isa = PBXNativeTarget;
			buildConfigurationList = E86DAA192CDE374900F2574D /* Build configuration list for PBXNativeTarget "ParliamentStrikesAgainUITests" */;
			buildPhases = (
				E86DAA052CDE374900F2574D /* Sources */,
				E86DAA062CDE374900F2574D /* Frameworks */,
				E86DAA072CDE374900F2574D /* Resources */,
			);
			buildRules = (
			);
			dependencies = (
				E86DAA0B2CDE374900F2574D /* PBXTargetDependency */,
			);
			fileSystemSynchronizedGroups = (
				E86DAA0C2CDE374900F2574D /* ParliamentStrikesAgainUITests */,
			);
			name = ParliamentStrikesAgainUITests;
			packageProductDependencies = (
			);
			productName = ParliamentStrikesAgainUITests;
			productReference = E86DAA092CDE374900F2574D /* ParliamentStrikesAgainUITests.xctest */;
			productType = "com.apple.product-type.bundle.ui-testing";
		};
/* End PBXNativeTarget section */

/* Begin PBXProject section */
		E86DA9E72CDE374800F2574D /* Project object */ = {
			isa = PBXProject;
			attributes = {
				BuildIndependentTargetsInParallel = 1;
				LastSwiftUpdateCheck = 1610;
				LastUpgradeCheck = 1610;
				TargetAttributes = {
					E86DA9EE2CDE374800F2574D = {
						CreatedOnToolsVersion = 16.1;
					};
					E86DA9FE2CDE374900F2574D = {
						CreatedOnToolsVersion = 16.1;
						TestTargetID = E86DA9EE2CDE374800F2574D;
					};
					E86DAA082CDE374900F2574D = {
						CreatedOnToolsVersion = 16.1;
						TestTargetID = E86DA9EE2CDE374800F2574D;
					};
				};
			};
			buildConfigurationList = E86DA9EA2CDE374800F2574D /* Build configuration list for PBXProject "ParliamentComeback" */;
			developmentRegion = en;
			hasScannedForEncodings = 0;
			knownRegions = (
				en,
				Base,
			);
			mainGroup = E86DA9E62CDE374800F2574D;
			minimizedProjectReferenceProxies = 1;
			preferredProjectObjectVersion = 77;
			productRefGroup = E86DA9F02CDE374800F2574D /* Products */;
			projectDirPath = "";
			projectRoot = "";
			targets = (
				E86DA9EE2CDE374800F2574D /* ParliamentStrikesAgain */,
				E86DA9FE2CDE374900F2574D /* ParliamentStrikesAgainTests */,
				E86DAA082CDE374900F2574D /* ParliamentStrikesAgainUITests */,
			);
		};
/* End PBXProject section */

/* Begin PBXResourcesBuildPhase section */
		E86DA9ED2CDE374800F2574D /* Resources */ = {
			isa = PBXResourcesBuildPhase;
			buildActionMask = 2147483647;
			files = (
			);
			runOnlyForDeploymentPostprocessing = 0;
		};
		E86DA9FD2CDE374900F2574D /* Resources */ = {
			isa = PBXResourcesBuildPhase;
			buildActionMask = 2147483647;
			files = (
			);
			runOnlyForDeploymentPostprocessing = 0;
		};
		E86DAA072CDE374900F2574D /* Resources */ = {
			isa = PBXResourcesBuildPhase;
			buildActionMask = 2147483647;
			files = (
			);
			runOnlyForDeploymentPostprocessing = 0;
		};
/* End PBXResourcesBuildPhase section */

/* Begin PBXSourcesBuildPhase section */
		E86DA9EB2CDE374800F2574D /* Sources */ = {
			isa = PBXSourcesBuildPhase;
			buildActionMask = 2147483647;
			files = (
			);
			runOnlyForDeploymentPostprocessing = 0;
		};
		E86DA9FB2CDE374900F2574D /* Sources */ = {
			isa = PBXSourcesBuildPhase;
			buildActionMask = 2147483647;
			files = (
			);
			runOnlyForDeploymentPostprocessing = 0;
		};
		E86DAA052CDE374900F2574D /* Sources */ = {
			isa = PBXSourcesBuildPhase;
			buildActionMask = 2147483647;
			files = (
			);
			runOnlyForDeploymentPostprocessing = 0;
		};
/* End PBXSourcesBuildPhase section */

/* Begin PBXTargetDependency section */
		E86DAA012CDE374900F2574D /* PBXTargetDependency */ = {
			isa = PBXTargetDependency;
			target = E86DA9EE2CDE374800F2574D /* ParliamentStrikesAgain */;
			targetProxy = E86DAA002CDE374900F2574D /* PBXContainerItemProxy */;
		};
		E86DAA0B2CDE374900F2574D /* PBXTargetDependency */ = {
			isa = PBXTargetDependency;
			target = E86DA9EE2CDE374800F2574D /* ParliamentStrikesAgain */;
			targetProxy = E86DAA0A2CDE374900F2574D /* PBXContainerItemProxy */;
		};
/* End PBXTargetDependency section */

/* Begin XCBuildConfiguration section */
		E86DAA112CDE374900F2574D /* Debug */ = {
			isa = XCBuildConfiguration;
			buildSettings = {
				ALWAYS_SEARCH_USER_PATHS = NO;
				ASSETCATALOG_COMPILER_GENERATE_SWIFT_ASSET_SYMBOL_EXTENSIONS = YES;
				CLANG_ANALYZER_NONNULL = YES;
				CLANG_ANALYZER_NUMBER_OBJECT_CONVERSION = YES_AGGRESSIVE;
				CLANG_CXX_LANGUAGE_STANDARD = "gnu++20";
				CLANG_ENABLE_MODULES = YES;
				CLANG_ENABLE_OBJC_ARC = YES;
				CLANG_ENABLE_OBJC_WEAK = YES;
				CLANG_WARN_BLOCK_CAPTURE_AUTORELEASING = YES;
				CLANG_WARN_BOOL_CONVERSION = YES;
				CLANG_WARN_COMMA = YES;
				CLANG_WARN_CONSTANT_CONVERSION = YES;
				CLANG_WARN_DEPRECATED_OBJC_IMPLEMENTATIONS = YES;
				CLANG_WARN_DIRECT_OBJC_ISA_USAGE = YES_ERROR;
				CLANG_WARN_DOCUMENTATION_COMMENTS = YES;
				CLANG_WARN_EMPTY_BODY = YES;
				CLANG_WARN_ENUM_CONVERSION = YES;
				CLANG_WARN_INFINITE_RECURSION = YES;
				CLANG_WARN_INT_CONVERSION = YES;
				CLANG_WARN_NON_LITERAL_NULL_CONVERSION = YES;
				CLANG_WARN_OBJC_IMPLICIT_RETAIN_SELF = YES;
				CLANG_WARN_OBJC_LITERAL_CONVERSION = YES;
				CLANG_WARN_OBJC_ROOT_CLASS = YES_ERROR;
				CLANG_WARN_QUOTED_INCLUDE_IN_FRAMEWORK_HEADER = YES;
				CLANG_WARN_RANGE_LOOP_ANALYSIS = YES;
				CLANG_WARN_STRICT_PROTOTYPES = YES;
				CLANG_WARN_SUSPICIOUS_MOVE = YES;
				CLANG_WARN_UNGUARDED_AVAILABILITY = YES_AGGRESSIVE;
				CLANG_WARN_UNREACHABLE_CODE = YES;
				CLANG_WARN__DUPLICATE_METHOD_MATCH = YES;
				COPY_PHASE_STRIP = NO;
				DEBUG_INFORMATION_FORMAT = dwarf;
				ENABLE_STRICT_OBJC_MSGSEND = YES;
				ENABLE_TESTABILITY = YES;
				ENABLE_USER_SCRIPT_SANDBOXING = YES;
				GCC_C_LANGUAGE_STANDARD = gnu17;
				GCC_DYNAMIC_NO_PIC = NO;
				GCC_NO_COMMON_BLOCKS = YES;
				GCC_OPTIMIZATION_LEVEL = 0;
				GCC_PREPROCESSOR_DEFINITIONS = (
					"DEBUG=1",
					"$(inherited)",
				);
				GCC_WARN_64_TO_32_BIT_CONVERSION = YES;
				GCC_WARN_ABOUT_RETURN_TYPE = YES_ERROR;
				GCC_WARN_UNDECLARED_SELECTOR = YES;
				GCC_WARN_UNINITIALIZED_AUTOS = YES_AGGRESSIVE;
				GCC_WARN_UNUSED_FUNCTION = YES;
				GCC_WARN_UNUSED_VARIABLE = YES;
				IPHONEOS_DEPLOYMENT_TARGET = 18.1;
				LOCALIZATION_PREFERS_STRING_CATALOGS = YES;
				MTL_ENABLE_DEBUG_INFO = INCLUDE_SOURCE;
				MTL_FAST_MATH = YES;
				ONLY_ACTIVE_ARCH = YES;
				SDKROOT = iphoneos;
				SWIFT_ACTIVE_COMPILATION_CONDITIONS = "DEBUG $(inherited)";
				SWIFT_OPTIMIZATION_LEVEL = "-Onone";
			};
			name = Debug;
		};
		E86DAA122CDE374900F2574D /* Release */ = {
			isa = XCBuildConfiguration;
			buildSettings = {
				ALWAYS_SEARCH_USER_PATHS = NO;
				ASSETCATALOG_COMPILER_GENERATE_SWIFT_ASSET_SYMBOL_EXTENSIONS = YES;
				CLANG_ANALYZER_NONNULL = YES;
				CLANG_ANALYZER_NUMBER_OBJECT_CONVERSION = YES_AGGRESSIVE;
				CLANG_CXX_LANGUAGE_STANDARD = "gnu++20";
				CLANG_ENABLE_MODULES = YES;
				CLANG_ENABLE_OBJC_ARC = YES;
				CLANG_ENABLE_OBJC_WEAK = YES;
				CLANG_WARN_BLOCK_CAPTURE_AUTORELEASING = YES;
				CLANG_WARN_BOOL_CONVERSION = YES;
				CLANG_WARN_COMMA = YES;
				CLANG_WARN_CONSTANT_CONVERSION = YES;
				CLANG_WARN_DEPRECATED_OBJC_IMPLEMENTATIONS = YES;
				CLANG_WARN_DIRECT_OBJC_ISA_USAGE = YES_ERROR;
				CLANG_WARN_DOCUMENTATION_COMMENTS = YES;
				CLANG_WARN_EMPTY_BODY = YES;
				CLANG_WARN_ENUM_CONVERSION = YES;
				CLANG_WARN_INFINITE_RECURSION = YES;
				CLANG_WARN_INT_CONVERSION = YES;
				CLANG_WARN_NON_LITERAL_NULL_CONVERSION = YES;
				CLANG_WARN_OBJC_IMPLICIT_RETAIN_SELF = YES;
				CLANG_WARN_OBJC_LITERAL_CONVERSION = YES;
				CLANG_WARN_OBJC_ROOT_CLASS = YES_ERROR;
				CLANG_WARN_QUOTED_INCLUDE_IN_FRAMEWORK_HEADER = YES;
				CLANG_WARN_RANGE_LOOP_ANALYSIS = YES;
				CLANG_WARN_STRICT_PROTOTYPES = YES;
				CLANG_WARN_SUSPICIOUS_MOVE = YES;
				CLANG_WARN_UNGUARDED_AVAILABILITY = YES_AGGRESSIVE;
				CLANG_WARN_UNREACHABLE_CODE = YES;
				CLANG_WARN__DUPLICATE_METHOD_MATCH = YES;
				COPY_PHASE_STRIP = NO;
				DEBUG_INFORMATION_FORMAT = "dwarf-with-dsym";
				ENABLE_NS_ASSERTIONS = NO;
				ENABLE_STRICT_OBJC_MSGSEND = YES;
				ENABLE_USER_SCRIPT_SANDBOXING = YES;
				GCC_C_LANGUAGE_STANDARD = gnu17;
				GCC_NO_COMMON_BLOCKS = YES;
				GCC_WARN_64_TO_32_BIT_CONVERSION = YES;
				GCC_WARN_ABOUT_RETURN_TYPE = YES_ERROR;
				GCC_WARN_UNDECLARED_SELECTOR = YES;
				GCC_WARN_UNINITIALIZED_AUTOS = YES_AGGRESSIVE;
				GCC_WARN_UNUSED_FUNCTION = YES;
				GCC_WARN_UNUSED_VARIABLE = YES;
				IPHONEOS_DEPLOYMENT_TARGET = 18.1;
				LOCALIZATION_PREFERS_STRING_CATALOGS = YES;
				MTL_ENABLE_DEBUG_INFO = NO;
				MTL_FAST_MATH = YES;
				SDKROOT = iphoneos;
				SWIFT_COMPILATION_MODE = wholemodule;
				VALIDATE_PRODUCT = YES;
			};
			name = Release;
		};
		E86DAA142CDE374900F2574D /* Debug */ = {
			isa = XCBuildConfiguration;
			buildSettings = {
				ASSETCATALOG_COMPILER_APPICON_NAME = AppIcon;
				ASSETCATALOG_COMPILER_GLOBAL_ACCENT_COLOR_NAME = AccentColor;
				CODE_SIGN_STYLE = Automatic;
				CURRENT_PROJECT_VERSION = 1;
				DEVELOPMENT_ASSET_PATHS = "\"ParliamentStrikesAgain/Preview Content\"";
				ENABLE_PREVIEWS = YES;
				GENERATE_INFOPLIST_FILE = YES;
				INFOPLIST_KEY_UIApplicationSceneManifest_Generation = YES;
				INFOPLIST_KEY_UIApplicationSupportsIndirectInputEvents = YES;
				INFOPLIST_KEY_UILaunchScreen_Generation = YES;
				INFOPLIST_KEY_UISupportedInterfaceOrientations_iPad = "UIInterfaceOrientationPortrait UIInterfaceOrientationPortraitUpsideDown UIInterfaceOrientationLandscapeLeft UIInterfaceOrientationLandscapeRight";
				INFOPLIST_KEY_UISupportedInterfaceOrientations_iPhone = "UIInterfaceOrientationPortrait UIInterfaceOrientationLandscapeLeft UIInterfaceOrientationLandscapeRight";
				LD_RUNPATH_SEARCH_PATHS = (
					"$(inherited)",
					"@executable_path/Frameworks",
				);
				MARKETING_VERSION = 1.0;
				PRODUCT_BUNDLE_IDENTIFIER = siddarth.ParliamentStrikesAgain;
				PRODUCT_NAME = "$(TARGET_NAME)";
				SWIFT_EMIT_LOC_STRINGS = YES;
				SWIFT_VERSION = 5.0;
				TARGETED_DEVICE_FAMILY = "1,2";
			};
			name = Debug;
		};
		E86DAA152CDE374900F2574D /* Release */ = {
			isa = XCBuildConfiguration;
			buildSettings = {
				ASSETCATALOG_COMPILER_APPICON_NAME = AppIcon;
				ASSETCATALOG_COMPILER_GLOBAL_ACCENT_COLOR_NAME = AccentColor;
				CODE_SIGN_STYLE = Automatic;
				CURRENT_PROJECT_VERSION = 1;
				DEVELOPMENT_ASSET_PATHS = "\"ParliamentStrikesAgain/Preview Content\"";
				ENABLE_PREVIEWS = YES;
				GENERATE_INFOPLIST_FILE = YES;
				INFOPLIST_KEY_UIApplicationSceneManifest_Generation = YES;
				INFOPLIST_KEY_UIApplicationSupportsIndirectInputEvents = YES;
				INFOPLIST_KEY_UILaunchScreen_Generation = YES;
				INFOPLIST_KEY_UISupportedInterfaceOrientations_iPad = "UIInterfaceOrientationPortrait UIInterfaceOrientationPortraitUpsideDown UIInterfaceOrientationLandscapeLeft UIInterfaceOrientationLandscapeRight";
				INFOPLIST_KEY_UISupportedInterfaceOrientations_iPhone = "UIInterfaceOrientationPortrait UIInterfaceOrientationLandscapeLeft UIInterfaceOrientationLandscapeRight";
				LD_RUNPATH_SEARCH_PATHS = (
					"$(inherited)",
					"@executable_path/Frameworks",
				);
				MARKETING_VERSION = 1.0;
				PRODUCT_BUNDLE_IDENTIFIER = siddarth.ParliamentStrikesAgain;
				PRODUCT_NAME = "$(TARGET_NAME)";
				SWIFT_EMIT_LOC_STRINGS = YES;
				SWIFT_VERSION = 5.0;
				TARGETED_DEVICE_FAMILY = "1,2";
			};
			name = Release;
		};
		E86DAA172CDE374900F2574D /* Debug */ = {
			isa = XCBuildConfiguration;
			buildSettings = {
				BUNDLE_LOADER = "$(TEST_HOST)";
				CODE_SIGN_STYLE = Automatic;
				CURRENT_PROJECT_VERSION = 1;
				GENERATE_INFOPLIST_FILE = YES;
				IPHONEOS_DEPLOYMENT_TARGET = 18.1;
				MARKETING_VERSION = 1.0;
				PRODUCT_BUNDLE_IDENTIFIER = siddarth.ParliamentStrikesAgainTests;
				PRODUCT_NAME = "$(TARGET_NAME)";
				SWIFT_EMIT_LOC_STRINGS = NO;
				SWIFT_VERSION = 5.0;
				TARGETED_DEVICE_FAMILY = "1,2";
				TEST_HOST = "$(BUILT_PRODUCTS_DIR)/ParliamentStrikesAgain.app/$(BUNDLE_EXECUTABLE_FOLDER_PATH)/ParliamentStrikesAgain";
			};
			name = Debug;
		};
		E86DAA182CDE374900F2574D /* Release */ = {
			isa = XCBuildConfiguration;
			buildSettings = {
				BUNDLE_LOADER = "$(TEST_HOST)";
				CODE_SIGN_STYLE = Automatic;
				CURRENT_PROJECT_VERSION = 1;
				GENERATE_INFOPLIST_FILE = YES;
				IPHONEOS_DEPLOYMENT_TARGET = 18.1;
				MARKETING_VERSION = 1.0;
				PRODUCT_BUNDLE_IDENTIFIER = siddarth.ParliamentStrikesAgainTests;
				PRODUCT_NAME = "$(TARGET_NAME)";
				SWIFT_EMIT_LOC_STRINGS = NO;
				SWIFT_VERSION = 5.0;
				TARGETED_DEVICE_FAMILY = "1,2";
				TEST_HOST = "$(BUILT_PRODUCTS_DIR)/ParliamentStrikesAgain.app/$(BUNDLE_EXECUTABLE_FOLDER_PATH)/ParliamentStrikesAgain";
			};
			name = Release;
		};
		E86DAA1A2CDE374900F2574D /* Debug */ = {
			isa = XCBuildConfiguration;
			buildSettings = {
				CODE_SIGN_STYLE = Automatic;
				CURRENT_PROJECT_VERSION = 1;
				GENERATE_INFOPLIST_FILE = YES;
				MARKETING_VERSION = 1.0;
				PRODUCT_BUNDLE_IDENTIFIER = siddarth.ParliamentStrikesAgainUITests;
				PRODUCT_NAME = "$(TARGET_NAME)";
				SWIFT_EMIT_LOC_STRINGS = NO;
				SWIFT_VERSION = 5.0;
				TARGETED_DEVICE_FAMILY = "1,2";
				TEST_TARGET_NAME = ParliamentStrikesAgain;
			};
			name = Debug;
		};
		E86DAA1B2CDE374900F2574D /* Release */ = {
			isa = XCBuildConfiguration;
			buildSettings = {
				CODE_SIGN_STYLE = Automatic;
				CURRENT_PROJECT_VERSION = 1;
				GENERATE_INFOPLIST_FILE = YES;
				MARKETING_VERSION = 1.0;
				PRODUCT_BUNDLE_IDENTIFIER = siddarth.ParliamentStrikesAgainUITests;
				PRODUCT_NAME = "$(TARGET_NAME)";
				SWIFT_EMIT_LOC_STRINGS = NO;
				SWIFT_VERSION = 5.0;
				TARGETED_DEVICE_FAMILY = "1,2";
				TEST_TARGET_NAME = ParliamentStrikesAgain;
			};
			name = Release;
		};
/* End XCBuildConfiguration section */

/* Begin XCConfigurationList section */
		E86DA9EA2CDE374800F2574D /* Build configuration list for PBXProject "ParliamentComeback" */ = {
			isa = XCConfigurationList;
			buildConfigurations = (
				E86DAA112CDE374900F2574D /* Debug */,
				E86DAA122CDE374900F2574D /* Release */,
			);
			defaultConfigurationIsVisible = 0;
			defaultConfigurationName = Release;
		};
		E86DAA132CDE374900F2574D /* Build configuration list for PBXNativeTarget "ParliamentStrikesAgain" */ = {
			isa = XCConfigurationList;
			buildConfigurations = (
				E86DAA142CDE374900F2574D /* Debug */,
				E86DAA152CDE374900F2574D /* Release */,
			);
			defaultConfigurationIsVisible = 0;
			defaultConfigurationName = Release;
		};
		E86DAA162CDE374900F2574D /* Build configuration list for PBXNativeTarget "ParliamentStrikesAgainTests" */ = {
			isa = XCConfigurationList;
			buildConfigurations = (
				E86DAA172CDE374900F2574D /* Debug */,
				E86DAA182CDE374900F2574D /* Release */,
			);
			defaultConfigurationIsVisible = 0;
			defaultConfigurationName = Release;
		};
		E86DAA192CDE374900F2574D /* Build configuration list for PBXNativeTarget "ParliamentStrikesAgainUITests" */ = {
			isa = XCConfigurationList;
			buildConfigurations = (
				E86DAA1A2CDE374900F2574D /* Debug */,
				E86DAA1B2CDE374900F2574D /* Release */,
			);
			defaultConfigurationIsVisible = 0;
			defaultConfigurationName = Release;
		};
/* End XCConfigurationList section */
	};
	rootObject = E86DA9E72CDE374800F2574D /* Project object */;
}
